// !$*UTF8*$!
{
	archiveVersion = 1;
	classes = {
	};
	objectVersion = 46;
	objects = {

/* Begin PBXBuildFile section */
		74D131E61582A7420065F1D2 /* HuntersEdge-Info.plist in Resources */ = {isa = PBXBuildFile; fileRef = 74D131E51582A7420065F1D2 /* HuntersEdge-Info.plist */; };
		74D132051582A8E90065F1D2 /* bar.png in Resources */ = {isa = PBXBuildFile; fileRef = 74D131EF1582A8E90065F1D2 /* bar.png */; };
		74D132061582A8E90065F1D2 /* bar@2x.png in Resources */ = {isa = PBXBuildFile; fileRef = 74D131F01582A8E90065F1D2 /* bar@2x.png */; };
		74D132071582A8E90065F1D2 /* blueBubble.png in Resources */ = {isa = PBXBuildFile; fileRef = 74D131F11582A8E90065F1D2 /* blueBubble.png */; };
		74D132081582A8E90065F1D2 /* blueBubble@2x.png in Resources */ = {isa = PBXBuildFile; fileRef = 74D131F21582A8E90065F1D2 /* blueBubble@2x.png */; };
		74D132091582A8E90065F1D2 /* Button.png in Resources */ = {isa = PBXBuildFile; fileRef = 74D131F31582A8E90065F1D2 /* Button.png */; };
		74D1320A1582A8E90065F1D2 /* Button@2x.png in Resources */ = {isa = PBXBuildFile; fileRef = 74D131F41582A8E90065F1D2 /* Button@2x.png */; };
		74D1320B1582A8E90065F1D2 /* grayBubble.png in Resources */ = {isa = PBXBuildFile; fileRef = 74D131F51582A8E90065F1D2 /* grayBubble.png */; };
		74D1320C1582A8E90065F1D2 /* grayBubble@2x.png in Resources */ = {isa = PBXBuildFile; fileRef = 74D131F61582A8E90065F1D2 /* grayBubble@2x.png */; };
		74D132151582A8E90065F1D2 /* just_background.png in Resources */ = {isa = PBXBuildFile; fileRef = 74D131FF1582A8E90065F1D2 /* just_background.png */; };
		74D132161582A8E90065F1D2 /* just_background@2x.png in Resources */ = {isa = PBXBuildFile; fileRef = 74D132001582A8E90065F1D2 /* just_background@2x.png */; };
		74D132171582A8E90065F1D2 /* Map.png in Resources */ = {isa = PBXBuildFile; fileRef = 74D132011582A8E90065F1D2 /* Map.png */; };
		74D132181582A8E90065F1D2 /* Map@2x.png in Resources */ = {isa = PBXBuildFile; fileRef = 74D132021582A8E90065F1D2 /* Map@2x.png */; };
		A40EDB8017AFC488005CB9E5 /* TODO in Resources */ = {isa = PBXBuildFile; fileRef = A40EDB7F17AFC488005CB9E5 /* TODO */; };
		A40EDB8617B00B42005CB9E5 /* chatCell.m in Sources */ = {isa = PBXBuildFile; fileRef = A40EDB8517B00B42005CB9E5 /* chatCell.m */; };
		A40EDB8C17B00BDC005CB9E5 /* HEChatRoomViewController.xib in Resources */ = {isa = PBXBuildFile; fileRef = A40EDB8B17B00BDC005CB9E5 /* HEChatRoomViewController.xib */; };
		A40EDB9717B00C38005CB9E5 /* background_pattern.png in Resources */ = {isa = PBXBuildFile; fileRef = A40EDB8D17B00C38005CB9E5 /* background_pattern.png */; };
		A40EDB9817B00C38005CB9E5 /* background_pattern@2x.png in Resources */ = {isa = PBXBuildFile; fileRef = A40EDB8E17B00C38005CB9E5 /* background_pattern@2x.png */; };
		A40EDB9917B00C38005CB9E5 /* chat.png in Resources */ = {isa = PBXBuildFile; fileRef = A40EDB8F17B00C38005CB9E5 /* chat.png */; };
		A40EDB9A17B00C38005CB9E5 /* chat@2x.png in Resources */ = {isa = PBXBuildFile; fileRef = A40EDB9017B00C38005CB9E5 /* chat@2x.png */; };
		A40EDB9B17B00C38005CB9E5 /* first.png in Resources */ = {isa = PBXBuildFile; fileRef = A40EDB9117B00C38005CB9E5 /* first.png */; };
		A40EDB9C17B00C38005CB9E5 /* first@2x.png in Resources */ = {isa = PBXBuildFile; fileRef = A40EDB9217B00C38005CB9E5 /* first@2x.png */; };
		A40EDB9D17B00C38005CB9E5 /* second.png in Resources */ = {isa = PBXBuildFile; fileRef = A40EDB9317B00C38005CB9E5 /* second.png */; };
		A40EDB9E17B00C38005CB9E5 /* second@2x.png in Resources */ = {isa = PBXBuildFile; fileRef = A40EDB9417B00C38005CB9E5 /* second@2x.png */; };
		A40EDB9F17B00C38005CB9E5 /* textfield_background.png in Resources */ = {isa = PBXBuildFile; fileRef = A40EDB9517B00C38005CB9E5 /* textfield_background.png */; };
		A40EDBA017B00C38005CB9E5 /* textfield_background@2x.png in Resources */ = {isa = PBXBuildFile; fileRef = A40EDB9617B00C38005CB9E5 /* textfield_background@2x.png */; };
		A439308517B136E300100010 /* social-media-login-retna1.png in Resources */ = {isa = PBXBuildFile; fileRef = A439308417B136E300100010 /* social-media-login-retna1.png */; };
		A439308717B2BDC300100010 /* Default-568h@2x.png in Resources */ = {isa = PBXBuildFile; fileRef = A439308617B2BDC300100010 /* Default-568h@2x.png */; };
		A439308917B2BDCA00100010 /* Default@2x.png in Resources */ = {isa = PBXBuildFile; fileRef = A439308817B2BDCA00100010 /* Default@2x.png */; };
		A439308B17B2BDD000100010 /* Default.png in Resources */ = {isa = PBXBuildFile; fileRef = A439308A17B2BDD000100010 /* Default.png */; };
		A439309517B2DE5B00100010 /* Reachability.m in Sources */ = {isa = PBXBuildFile; fileRef = A439309417B2DE5B00100010 /* Reachability.m */; };
		A439309817B2DE7900100010 /* HEChatRoomViewController.m in Sources */ = {isa = PBXBuildFile; fileRef = A439309717B2DE7900100010 /* HEChatRoomViewController.m */; };
		A446C51717ABFD1800E6553F /* MainViewController.xib in Resources */ = {isa = PBXBuildFile; fileRef = A446C51617ABFD1800E6553F /* MainViewController.xib */; };
		A446C51917AD513300E6553F /* hunting-background@2x.png in Resources */ = {isa = PBXBuildFile; fileRef = A446C51817AD513300E6553F /* hunting-background@2x.png */; };
		A4773EA617B2EA32000E4CAC /* Parse.framework in Frameworks */ = {isa = PBXBuildFile; fileRef = A4773EA517B2EA32000E4CAC /* Parse.framework */; };
		A4773EAA17B5894A000E4CAC /* images.jpeg in Resources */ = {isa = PBXBuildFile; fileRef = A4773EA917B5894A000E4CAC /* images.jpeg */; };
		A4773EAE17B58B33000E4CAC /* crosshair.png in Resources */ = {isa = PBXBuildFile; fileRef = A4773EAD17B58B33000E4CAC /* crosshair.png */; };
		A4773EB017B58B40000E4CAC /* crosshair.png in Resources */ = {isa = PBXBuildFile; fileRef = A4773EAF17B58B40000E4CAC /* crosshair.png */; };
		A4773EB217B58BEB000E4CAC /* crosshair_small.png in Resources */ = {isa = PBXBuildFile; fileRef = A4773EB117B58BEA000E4CAC /* crosshair_small.png */; };
		A4773EB417B58BF0000E4CAC /* crosshair_small.png in Resources */ = {isa = PBXBuildFile; fileRef = A4773EB317B58BEF000E4CAC /* crosshair_small.png */; };
		A4773EB917B58C59000E4CAC /* JournalViewController.m in Sources */ = {isa = PBXBuildFile; fileRef = A4773EB617B58C58000E4CAC /* JournalViewController.m */; };
		A4773EBA17B58C59000E4CAC /* JournalDetailViewController.m in Sources */ = {isa = PBXBuildFile; fileRef = A4773EB817B58C59000E4CAC /* JournalDetailViewController.m */; };
		A4773EBE17B5B7A8000E4CAC /* EntryView.m in Sources */ = {isa = PBXBuildFile; fileRef = A4773EBD17B5B7A8000E4CAC /* EntryView.m */; };
		A4773EC317B5B7BA000E4CAC /* HunterEdgeData.m in Sources */ = {isa = PBXBuildFile; fileRef = A4773EC017B5B7BA000E4CAC /* HunterEdgeData.m */; };
		A4773EC417B5B7BA000E4CAC /* HunterEdgeDoc.m in Sources */ = {isa = PBXBuildFile; fileRef = A4773EC217B5B7BA000E4CAC /* HunterEdgeDoc.m */; };
		A4773EC617B5BA1F000E4CAC /* JournalViewController.xib in Resources */ = {isa = PBXBuildFile; fileRef = A4773EC517B5BA1E000E4CAC /* JournalViewController.xib */; };
		A4773EC917B5BCE4000E4CAC /* UIImageExtras.m in Sources */ = {isa = PBXBuildFile; fileRef = A4773EC817B5BCE4000E4CAC /* UIImageExtras.m */; };
		A4773ECC17B5BD4A000E4CAC /* SVProgressHUD.m in Sources */ = {isa = PBXBuildFile; fileRef = A4773ECB17B5BD4A000E4CAC /* SVProgressHUD.m */; };
		A4773ECE17B5BE5D000E4CAC /* JournalDetailViewController.xib in Resources */ = {isa = PBXBuildFile; fileRef = A4773ECD17B5BE5D000E4CAC /* JournalDetailViewController.xib */; };
		A49F716917DE7DF000D5A069 /* HeHunter.m in Sources */ = {isa = PBXBuildFile; fileRef = A49F716817DE7DF000D5A069 /* HeHunter.m */; };
		A49FF14C17EB91C7007EBF8C /* chatCell.xib in Resources */ = {isa = PBXBuildFile; fileRef = A49FF14B17EB91C7007EBF8C /* chatCell.xib */; };
		A4D53CF617BBB8D900725921 /* JournalTableCell.xib in Resources */ = {isa = PBXBuildFile; fileRef = A4D53CF517BBB8D900725921 /* JournalTableCell.xib */; };
		A4D53CF817BBCC3900725921 /* doe.jpg in Resources */ = {isa = PBXBuildFile; fileRef = A4D53CF717BBCC3900725921 /* doe.jpg */; };
		C4FD6130172751E200F61563 /* HEWallPostsTableViewController.m in Sources */ = {isa = PBXBuildFile; fileRef = E572726A14E0807F004A9423 /* HEWallPostsTableViewController.m */; };
		E5458B6614D77BEA003BE4FF /* HESettingsViewController.m in Sources */ = {isa = PBXBuildFile; fileRef = E5458B6414D77BEA003BE4FF /* HESettingsViewController.m */; };
		E5458B6714D77BEA003BE4FF /* HESettingsViewController.xib in Resources */ = {isa = PBXBuildFile; fileRef = E5458B6514D77BEA003BE4FF /* HESettingsViewController.xib */; };
		E5458B6C14D8B2E3003BE4FF /* HEWallPostCreateViewController.m in Sources */ = {isa = PBXBuildFile; fileRef = E5458B6A14D8B2E3003BE4FF /* HEWallPostCreateViewController.m */; };
		E5458B6D14D8B2E3003BE4FF /* HEWallPostCreateViewController.xib in Resources */ = {isa = PBXBuildFile; fileRef = E5458B6B14D8B2E3003BE4FF /* HEWallPostCreateViewController.xib */; };
		E554D5C314E32EFB008D027A /* HEPost.m in Sources */ = {isa = PBXBuildFile; fileRef = E554D5C214E32EFB008D027A /* HEPost.m */; };
		E56E83F714D72E1100E856AB /* UIKit.framework in Frameworks */ = {isa = PBXBuildFile; fileRef = E56E83F614D72E1100E856AB /* UIKit.framework */; };
		E56E83F914D72E1100E856AB /* Foundation.framework in Frameworks */ = {isa = PBXBuildFile; fileRef = E56E83F814D72E1100E856AB /* Foundation.framework */; };
		E56E83FB14D72E1100E856AB /* CoreGraphics.framework in Frameworks */ = {isa = PBXBuildFile; fileRef = E56E83FA14D72E1100E856AB /* CoreGraphics.framework */; };
		E56E840114D72E1100E856AB /* InfoPlist.strings in Resources */ = {isa = PBXBuildFile; fileRef = E56E83FF14D72E1100E856AB /* InfoPlist.strings */; };
		E56E840314D72E1100E856AB /* main.m in Sources */ = {isa = PBXBuildFile; fileRef = E56E840214D72E1100E856AB /* main.m */; };
		E56E840714D72E1100E856AB /* HEAppDelegate.m in Sources */ = {isa = PBXBuildFile; fileRef = E56E840614D72E1100E856AB /* HEAppDelegate.m */; };
		E56E840A14D72E1100E856AB /* HEWelcomeViewController.m in Sources */ = {isa = PBXBuildFile; fileRef = E56E840914D72E1100E856AB /* HEWelcomeViewController.m */; };
		E5743F2914E30154004BBD5C /* HESearchRadius.m in Sources */ = {isa = PBXBuildFile; fileRef = E5743F2814E30154004BBD5C /* HESearchRadius.m */; };
		E5743F2D14E302A0004BBD5C /* HECircleView.m in Sources */ = {isa = PBXBuildFile; fileRef = E5743F2C14E302A0004BBD5C /* HECircleView.m */; };
		E5AF78F314E0B725005B6234 /* HEActivityView.m in Sources */ = {isa = PBXBuildFile; fileRef = E5AF78F214E0B725005B6234 /* HEActivityView.m */; };
		E5C3303814D9C39900089B64 /* AudioToolbox.framework in Frameworks */ = {isa = PBXBuildFile; fileRef = E5C3303714D9C39900089B64 /* AudioToolbox.framework */; };
		E5C3303A14D9C3A200089B64 /* CFNetwork.framework in Frameworks */ = {isa = PBXBuildFile; fileRef = E5C3303914D9C3A200089B64 /* CFNetwork.framework */; };
		E5C3303C14D9C3A800089B64 /* SystemConfiguration.framework in Frameworks */ = {isa = PBXBuildFile; fileRef = E5C3303B14D9C3A800089B64 /* SystemConfiguration.framework */; };
		E5C3303E14D9C3AE00089B64 /* MobileCoreServices.framework in Frameworks */ = {isa = PBXBuildFile; fileRef = E5C3303D14D9C3AE00089B64 /* MobileCoreServices.framework */; };
		E5C3304514D9C3E100089B64 /* QuartzCore.framework in Frameworks */ = {isa = PBXBuildFile; fileRef = E5C3304314D9C3C900089B64 /* QuartzCore.framework */; };
		E5C3304614D9C3E100089B64 /* Security.framework in Frameworks */ = {isa = PBXBuildFile; fileRef = E5C3304114D9C3C200089B64 /* Security.framework */; };
		E5C3304714D9C3E100089B64 /* libz.1.1.3.dylib in Frameworks */ = {isa = PBXBuildFile; fileRef = E5C3303F14D9C3BC00089B64 /* libz.1.1.3.dylib */; };
		E5C3305014DA024F00089B64 /* HELoginViewController.m in Sources */ = {isa = PBXBuildFile; fileRef = E5C3304E14DA024E00089B64 /* HELoginViewController.m */; };
		E5C3305114DA024F00089B64 /* HELoginViewController.xib in Resources */ = {isa = PBXBuildFile; fileRef = E5C3304F14DA024F00089B64 /* HELoginViewController.xib */; };
		E5CAAFEB14D7316F00D97A18 /* HEWelcomeViewController.xib in Resources */ = {isa = PBXBuildFile; fileRef = E5CAAFE914D7316F00D97A18 /* HEWelcomeViewController.xib */; };
		E5CAAFF414D733DC00D97A18 /* HEWallViewController.m in Sources */ = {isa = PBXBuildFile; fileRef = E5CAAFF214D733DC00D97A18 /* HEWallViewController.m */; };
		E5CAAFF514D733DC00D97A18 /* HEWallViewController.xib in Resources */ = {isa = PBXBuildFile; fileRef = E5CAAFF314D733DC00D97A18 /* HEWallViewController.xib */; };
		E5CAAFF814D7376500D97A18 /* MapKit.framework in Frameworks */ = {isa = PBXBuildFile; fileRef = E5CAAFF714D7376500D97A18 /* MapKit.framework */; };
		E5CAAFFA14D738E800D97A18 /* CoreLocation.framework in Frameworks */ = {isa = PBXBuildFile; fileRef = E5CAAFF914D738E800D97A18 /* CoreLocation.framework */; };
		E5E3D1F214DA20220074DA18 /* HENewUserViewController.m in Sources */ = {isa = PBXBuildFile; fileRef = E5E3D1F014DA20210074DA18 /* HENewUserViewController.m */; };
		E5E3D1F314DA20220074DA18 /* HENewUserViewController.xib in Resources */ = {isa = PBXBuildFile; fileRef = E5E3D1F114DA20210074DA18 /* HENewUserViewController.xib */; };
/* End PBXBuildFile section */

/* Begin PBXFileReference section */
		74D131E51582A7420065F1D2 /* HuntersEdge-Info.plist */ = {isa = PBXFileReference; fileEncoding = 4; lastKnownFileType = text.plist.xml; path = "HuntersEdge-Info.plist"; sourceTree = "<group>"; };
		74D131E71582A7550065F1D2 /* HuntersEdge-Prefix.pch */ = {isa = PBXFileReference; fileEncoding = 4; lastKnownFileType = sourcecode.c.h; lineEnding = 0; path = "HuntersEdge-Prefix.pch"; sourceTree = "<group>"; xcLanguageSpecificationIdentifier = xcode.lang.objc; };
		74D131EF1582A8E90065F1D2 /* bar.png */ = {isa = PBXFileReference; lastKnownFileType = image.png; path = bar.png; sourceTree = "<group>"; };
		74D131F01582A8E90065F1D2 /* bar@2x.png */ = {isa = PBXFileReference; lastKnownFileType = image.png; path = "bar@2x.png"; sourceTree = "<group>"; };
		74D131F11582A8E90065F1D2 /* blueBubble.png */ = {isa = PBXFileReference; lastKnownFileType = image.png; path = blueBubble.png; sourceTree = "<group>"; };
		74D131F21582A8E90065F1D2 /* blueBubble@2x.png */ = {isa = PBXFileReference; lastKnownFileType = image.png; path = "blueBubble@2x.png"; sourceTree = "<group>"; };
		74D131F31582A8E90065F1D2 /* Button.png */ = {isa = PBXFileReference; lastKnownFileType = image.png; path = Button.png; sourceTree = "<group>"; };
		74D131F41582A8E90065F1D2 /* Button@2x.png */ = {isa = PBXFileReference; lastKnownFileType = image.png; path = "Button@2x.png"; sourceTree = "<group>"; };
		74D131F51582A8E90065F1D2 /* grayBubble.png */ = {isa = PBXFileReference; lastKnownFileType = image.png; path = grayBubble.png; sourceTree = "<group>"; };
		74D131F61582A8E90065F1D2 /* grayBubble@2x.png */ = {isa = PBXFileReference; lastKnownFileType = image.png; path = "grayBubble@2x.png"; sourceTree = "<group>"; };
		74D131FF1582A8E90065F1D2 /* just_background.png */ = {isa = PBXFileReference; lastKnownFileType = image.png; path = just_background.png; sourceTree = "<group>"; };
		74D132001582A8E90065F1D2 /* just_background@2x.png */ = {isa = PBXFileReference; lastKnownFileType = image.png; path = "just_background@2x.png"; sourceTree = "<group>"; };
		74D132011582A8E90065F1D2 /* Map.png */ = {isa = PBXFileReference; lastKnownFileType = image.png; path = Map.png; sourceTree = "<group>"; };
		74D132021582A8E90065F1D2 /* Map@2x.png */ = {isa = PBXFileReference; lastKnownFileType = image.png; path = "Map@2x.png"; sourceTree = "<group>"; };
		A40EDB7F17AFC488005CB9E5 /* TODO */ = {isa = PBXFileReference; fileEncoding = 4; lastKnownFileType = text; path = TODO; sourceTree = "<group>"; };
		A40EDB8417B00B42005CB9E5 /* chatCell.h */ = {isa = PBXFileReference; fileEncoding = 4; lastKnownFileType = sourcecode.c.h; path = chatCell.h; sourceTree = "<group>"; };
		A40EDB8517B00B42005CB9E5 /* chatCell.m */ = {isa = PBXFileReference; fileEncoding = 4; lastKnownFileType = sourcecode.c.objc; path = chatCell.m; sourceTree = "<group>"; };
		A40EDB8B17B00BDC005CB9E5 /* HEChatRoomViewController.xib */ = {isa = PBXFileReference; fileEncoding = 4; lastKnownFileType = file.xib; path = HEChatRoomViewController.xib; sourceTree = "<group>"; };
		A40EDB8D17B00C38005CB9E5 /* background_pattern.png */ = {isa = PBXFileReference; lastKnownFileType = image.png; path = background_pattern.png; sourceTree = "<group>"; };
		A40EDB8E17B00C38005CB9E5 /* background_pattern@2x.png */ = {isa = PBXFileReference; lastKnownFileType = image.png; path = "background_pattern@2x.png"; sourceTree = "<group>"; };
		A40EDB8F17B00C38005CB9E5 /* chat.png */ = {isa = PBXFileReference; lastKnownFileType = image.png; path = chat.png; sourceTree = "<group>"; };
		A40EDB9017B00C38005CB9E5 /* chat@2x.png */ = {isa = PBXFileReference; lastKnownFileType = image.png; path = "chat@2x.png"; sourceTree = "<group>"; };
		A40EDB9117B00C38005CB9E5 /* first.png */ = {isa = PBXFileReference; lastKnownFileType = image.png; path = first.png; sourceTree = "<group>"; };
		A40EDB9217B00C38005CB9E5 /* first@2x.png */ = {isa = PBXFileReference; lastKnownFileType = image.png; path = "first@2x.png"; sourceTree = "<group>"; };
		A40EDB9317B00C38005CB9E5 /* second.png */ = {isa = PBXFileReference; lastKnownFileType = image.png; path = second.png; sourceTree = "<group>"; };
		A40EDB9417B00C38005CB9E5 /* second@2x.png */ = {isa = PBXFileReference; lastKnownFileType = image.png; path = "second@2x.png"; sourceTree = "<group>"; };
		A40EDB9517B00C38005CB9E5 /* textfield_background.png */ = {isa = PBXFileReference; lastKnownFileType = image.png; path = textfield_background.png; sourceTree = "<group>"; };
		A40EDB9617B00C38005CB9E5 /* textfield_background@2x.png */ = {isa = PBXFileReference; lastKnownFileType = image.png; path = "textfield_background@2x.png"; sourceTree = "<group>"; };
		A439308417B136E300100010 /* social-media-login-retna1.png */ = {isa = PBXFileReference; lastKnownFileType = image.png; path = "social-media-login-retna1.png"; sourceTree = "<group>"; };
		A439308617B2BDC300100010 /* Default-568h@2x.png */ = {isa = PBXFileReference; lastKnownFileType = image.png; path = "Default-568h@2x.png"; sourceTree = "<group>"; };
		A439308817B2BDCA00100010 /* Default@2x.png */ = {isa = PBXFileReference; lastKnownFileType = image.png; path = "Default@2x.png"; sourceTree = "<group>"; };
		A439308A17B2BDD000100010 /* Default.png */ = {isa = PBXFileReference; lastKnownFileType = image.png; path = Default.png; sourceTree = "<group>"; };
		A439309317B2DE5B00100010 /* Reachability.h */ = {isa = PBXFileReference; fileEncoding = 4; lastKnownFileType = sourcecode.c.h; path = Reachability.h; sourceTree = "<group>"; };
		A439309417B2DE5B00100010 /* Reachability.m */ = {isa = PBXFileReference; fileEncoding = 4; lastKnownFileType = sourcecode.c.objc; path = Reachability.m; sourceTree = "<group>"; };
		A439309617B2DE7900100010 /* HEChatRoomViewController.h */ = {isa = PBXFileReference; fileEncoding = 4; lastKnownFileType = sourcecode.c.h; path = HEChatRoomViewController.h; sourceTree = "<group>"; };
		A439309717B2DE7900100010 /* HEChatRoomViewController.m */ = {isa = PBXFileReference; fileEncoding = 4; lastKnownFileType = sourcecode.c.objc; path = HEChatRoomViewController.m; sourceTree = "<group>"; };
		A446C51617ABFD1800E6553F /* MainViewController.xib */ = {isa = PBXFileReference; fileEncoding = 4; lastKnownFileType = file.xib; path = MainViewController.xib; sourceTree = "<group>"; };
		A446C51817AD513300E6553F /* hunting-background@2x.png */ = {isa = PBXFileReference; lastKnownFileType = image.png; path = "hunting-background@2x.png"; sourceTree = "<group>"; };
		A4773EA517B2EA32000E4CAC /* Parse.framework */ = {isa = PBXFileReference; lastKnownFileType = wrapper.framework; path = Parse.framework; sourceTree = "<group>"; };
		A4773EA917B5894A000E4CAC /* images.jpeg */ = {isa = PBXFileReference; lastKnownFileType = image.jpeg; path = images.jpeg; sourceTree = "<group>"; };
		A4773EAD17B58B33000E4CAC /* crosshair.png */ = {isa = PBXFileReference; lastKnownFileType = image.png; path = crosshair.png; sourceTree = "<group>"; };
		A4773EAF17B58B40000E4CAC /* crosshair.png */ = {isa = PBXFileReference; lastKnownFileType = image.png; path = crosshair.png; sourceTree = "<group>"; };
		A4773EB117B58BEA000E4CAC /* crosshair_small.png */ = {isa = PBXFileReference; lastKnownFileType = image.png; path = crosshair_small.png; sourceTree = "<group>"; };
		A4773EB317B58BEF000E4CAC /* crosshair_small.png */ = {isa = PBXFileReference; lastKnownFileType = image.png; path = crosshair_small.png; sourceTree = "<group>"; };
		A4773EB517B58C58000E4CAC /* JournalViewController.h */ = {isa = PBXFileReference; fileEncoding = 4; lastKnownFileType = sourcecode.c.h; path = JournalViewController.h; sourceTree = "<group>"; };
		A4773EB617B58C58000E4CAC /* JournalViewController.m */ = {isa = PBXFileReference; fileEncoding = 4; lastKnownFileType = sourcecode.c.objc; path = JournalViewController.m; sourceTree = "<group>"; };
		A4773EB717B58C59000E4CAC /* JournalDetailViewController.h */ = {isa = PBXFileReference; fileEncoding = 4; lastKnownFileType = sourcecode.c.h; path = JournalDetailViewController.h; sourceTree = "<group>"; };
		A4773EB817B58C59000E4CAC /* JournalDetailViewController.m */ = {isa = PBXFileReference; fileEncoding = 4; lastKnownFileType = sourcecode.c.objc; path = JournalDetailViewController.m; sourceTree = "<group>"; };
		A4773EBC17B5B7A8000E4CAC /* EntryView.h */ = {isa = PBXFileReference; fileEncoding = 4; lastKnownFileType = sourcecode.c.h; path = EntryView.h; sourceTree = "<group>"; };
		A4773EBD17B5B7A8000E4CAC /* EntryView.m */ = {isa = PBXFileReference; fileEncoding = 4; lastKnownFileType = sourcecode.c.objc; path = EntryView.m; sourceTree = "<group>"; };
		A4773EBF17B5B7BA000E4CAC /* HunterEdgeData.h */ = {isa = PBXFileReference; fileEncoding = 4; lastKnownFileType = sourcecode.c.h; path = HunterEdgeData.h; sourceTree = "<group>"; };
		A4773EC017B5B7BA000E4CAC /* HunterEdgeData.m */ = {isa = PBXFileReference; fileEncoding = 4; lastKnownFileType = sourcecode.c.objc; path = HunterEdgeData.m; sourceTree = "<group>"; };
		A4773EC117B5B7BA000E4CAC /* HunterEdgeDoc.h */ = {isa = PBXFileReference; fileEncoding = 4; lastKnownFileType = sourcecode.c.h; path = HunterEdgeDoc.h; sourceTree = "<group>"; };
		A4773EC217B5B7BA000E4CAC /* HunterEdgeDoc.m */ = {isa = PBXFileReference; fileEncoding = 4; lastKnownFileType = sourcecode.c.objc; path = HunterEdgeDoc.m; sourceTree = "<group>"; };
		A4773EC517B5BA1E000E4CAC /* JournalViewController.xib */ = {isa = PBXFileReference; fileEncoding = 4; lastKnownFileType = file.xib; path = JournalViewController.xib; sourceTree = "<group>"; };
		A4773EC717B5BCE4000E4CAC /* UIImageExtras.h */ = {isa = PBXFileReference; fileEncoding = 4; lastKnownFileType = sourcecode.c.h; path = UIImageExtras.h; sourceTree = "<group>"; };
		A4773EC817B5BCE4000E4CAC /* UIImageExtras.m */ = {isa = PBXFileReference; fileEncoding = 4; lastKnownFileType = sourcecode.c.objc; path = UIImageExtras.m; sourceTree = "<group>"; };
		A4773ECA17B5BD4A000E4CAC /* SVProgressHUD.h */ = {isa = PBXFileReference; fileEncoding = 4; lastKnownFileType = sourcecode.c.h; path = SVProgressHUD.h; sourceTree = "<group>"; };
		A4773ECB17B5BD4A000E4CAC /* SVProgressHUD.m */ = {isa = PBXFileReference; fileEncoding = 4; lastKnownFileType = sourcecode.c.objc; path = SVProgressHUD.m; sourceTree = "<group>"; };
		A4773ECD17B5BE5D000E4CAC /* JournalDetailViewController.xib */ = {isa = PBXFileReference; fileEncoding = 4; lastKnownFileType = file.xib; path = JournalDetailViewController.xib; sourceTree = "<group>"; };
		A49F716717DE7DF000D5A069 /* HEHunter.h */ = {isa = PBXFileReference; fileEncoding = 4; lastKnownFileType = sourcecode.c.h; path = HEHunter.h; sourceTree = "<group>"; };
		A49F716817DE7DF000D5A069 /* HeHunter.m */ = {isa = PBXFileReference; fileEncoding = 4; lastKnownFileType = sourcecode.c.objc; path = HeHunter.m; sourceTree = "<group>"; };
		A49FF14B17EB91C7007EBF8C /* chatCell.xib */ = {isa = PBXFileReference; fileEncoding = 4; lastKnownFileType = file.xib; path = chatCell.xib; sourceTree = "<group>"; };
		A4D53CF517BBB8D900725921 /* JournalTableCell.xib */ = {isa = PBXFileReference; fileEncoding = 4; lastKnownFileType = file.xib; path = JournalTableCell.xib; sourceTree = "<group>"; };
		A4D53CF717BBCC3900725921 /* doe.jpg */ = {isa = PBXFileReference; lastKnownFileType = image.jpeg; path = doe.jpg; sourceTree = "<group>"; };
		E5458B6314D77BEA003BE4FF /* HESettingsViewController.h */ = {isa = PBXFileReference; fileEncoding = 4; lastKnownFileType = sourcecode.c.h; lineEnding = 0; path = HESettingsViewController.h; sourceTree = "<group>"; xcLanguageSpecificationIdentifier = xcode.lang.objcpp; };
		E5458B6414D77BEA003BE4FF /* HESettingsViewController.m */ = {isa = PBXFileReference; fileEncoding = 4; lastKnownFileType = sourcecode.c.objc; lineEnding = 0; path = HESettingsViewController.m; sourceTree = "<group>"; xcLanguageSpecificationIdentifier = xcode.lang.objc; };
		E5458B6514D77BEA003BE4FF /* HESettingsViewController.xib */ = {isa = PBXFileReference; fileEncoding = 4; lastKnownFileType = file.xib; path = HESettingsViewController.xib; sourceTree = "<group>"; };
		E5458B6914D8B2E3003BE4FF /* HEWallPostCreateViewController.h */ = {isa = PBXFileReference; fileEncoding = 4; lastKnownFileType = sourcecode.c.h; lineEnding = 0; path = HEWallPostCreateViewController.h; sourceTree = "<group>"; xcLanguageSpecificationIdentifier = xcode.lang.objcpp; };
		E5458B6A14D8B2E3003BE4FF /* HEWallPostCreateViewController.m */ = {isa = PBXFileReference; fileEncoding = 4; lastKnownFileType = sourcecode.c.objc; lineEnding = 0; path = HEWallPostCreateViewController.m; sourceTree = "<group>"; xcLanguageSpecificationIdentifier = xcode.lang.objc; };
		E5458B6B14D8B2E3003BE4FF /* HEWallPostCreateViewController.xib */ = {isa = PBXFileReference; fileEncoding = 4; lastKnownFileType = file.xib; path = HEWallPostCreateViewController.xib; sourceTree = "<group>"; };
		E554D5C114E32EFB008D027A /* HEPost.h */ = {isa = PBXFileReference; fileEncoding = 4; lastKnownFileType = sourcecode.c.h; lineEnding = 0; path = HEPost.h; sourceTree = "<group>"; xcLanguageSpecificationIdentifier = xcode.lang.objcpp; };
		E554D5C214E32EFB008D027A /* HEPost.m */ = {isa = PBXFileReference; fileEncoding = 4; lastKnownFileType = sourcecode.c.objc; lineEnding = 0; path = HEPost.m; sourceTree = "<group>"; xcLanguageSpecificationIdentifier = xcode.lang.objc; };
		E56E83F214D72E1100E856AB /* HuntersEdge.app */ = {isa = PBXFileReference; explicitFileType = wrapper.application; includeInIndex = 0; path = HuntersEdge.app; sourceTree = BUILT_PRODUCTS_DIR; };
		E56E83F614D72E1100E856AB /* UIKit.framework */ = {isa = PBXFileReference; lastKnownFileType = wrapper.framework; name = UIKit.framework; path = System/Library/Frameworks/UIKit.framework; sourceTree = SDKROOT; };
		E56E83F814D72E1100E856AB /* Foundation.framework */ = {isa = PBXFileReference; lastKnownFileType = wrapper.framework; name = Foundation.framework; path = System/Library/Frameworks/Foundation.framework; sourceTree = SDKROOT; };
		E56E83FA14D72E1100E856AB /* CoreGraphics.framework */ = {isa = PBXFileReference; lastKnownFileType = wrapper.framework; name = CoreGraphics.framework; path = System/Library/Frameworks/CoreGraphics.framework; sourceTree = SDKROOT; };
		E56E840014D72E1100E856AB /* en */ = {isa = PBXFileReference; lastKnownFileType = text.plist.strings; name = en; path = en.lproj/InfoPlist.strings; sourceTree = "<group>"; };
		E56E840214D72E1100E856AB /* main.m */ = {isa = PBXFileReference; lastKnownFileType = sourcecode.c.objc; lineEnding = 0; path = main.m; sourceTree = "<group>"; xcLanguageSpecificationIdentifier = xcode.lang.objc; };
		E56E840514D72E1100E856AB /* HEAppDelegate.h */ = {isa = PBXFileReference; lastKnownFileType = sourcecode.c.h; lineEnding = 0; path = HEAppDelegate.h; sourceTree = "<group>"; xcLanguageSpecificationIdentifier = xcode.lang.objcpp; };
		E56E840614D72E1100E856AB /* HEAppDelegate.m */ = {isa = PBXFileReference; lastKnownFileType = sourcecode.c.objc; lineEnding = 0; path = HEAppDelegate.m; sourceTree = "<group>"; xcLanguageSpecificationIdentifier = xcode.lang.objc; };
		E56E840814D72E1100E856AB /* HEWelcomeViewController.h */ = {isa = PBXFileReference; lastKnownFileType = sourcecode.c.h; lineEnding = 0; path = HEWelcomeViewController.h; sourceTree = "<group>"; xcLanguageSpecificationIdentifier = xcode.lang.objcpp; };
		E56E840914D72E1100E856AB /* HEWelcomeViewController.m */ = {isa = PBXFileReference; lastKnownFileType = sourcecode.c.objc; lineEnding = 0; path = HEWelcomeViewController.m; sourceTree = "<group>"; xcLanguageSpecificationIdentifier = xcode.lang.objc; };
		E572726914E0807F004A9423 /* HEWallPostsTableViewController.h */ = {isa = PBXFileReference; fileEncoding = 4; lastKnownFileType = sourcecode.c.h; lineEnding = 0; path = HEWallPostsTableViewController.h; sourceTree = "<group>"; xcLanguageSpecificationIdentifier = xcode.lang.objcpp; };
		E572726A14E0807F004A9423 /* HEWallPostsTableViewController.m */ = {isa = PBXFileReference; fileEncoding = 4; lastKnownFileType = sourcecode.c.objc; lineEnding = 0; path = HEWallPostsTableViewController.m; sourceTree = "<group>"; xcLanguageSpecificationIdentifier = xcode.lang.objc; };
		E5743F2714E30154004BBD5C /* HESearchRadius.h */ = {isa = PBXFileReference; fileEncoding = 4; lastKnownFileType = sourcecode.c.h; lineEnding = 0; path = HESearchRadius.h; sourceTree = "<group>"; xcLanguageSpecificationIdentifier = xcode.lang.objcpp; };
		E5743F2814E30154004BBD5C /* HESearchRadius.m */ = {isa = PBXFileReference; fileEncoding = 4; lastKnownFileType = sourcecode.c.objc; lineEnding = 0; path = HESearchRadius.m; sourceTree = "<group>"; xcLanguageSpecificationIdentifier = xcode.lang.objc; };
		E5743F2B14E302A0004BBD5C /* HECircleView.h */ = {isa = PBXFileReference; fileEncoding = 4; lastKnownFileType = sourcecode.c.h; lineEnding = 0; path = HECircleView.h; sourceTree = "<group>"; xcLanguageSpecificationIdentifier = xcode.lang.objcpp; };
		E5743F2C14E302A0004BBD5C /* HECircleView.m */ = {isa = PBXFileReference; fileEncoding = 4; lastKnownFileType = sourcecode.c.objc; lineEnding = 0; path = HECircleView.m; sourceTree = "<group>"; xcLanguageSpecificationIdentifier = xcode.lang.objc; };
		E5AF78F114E0B725005B6234 /* HEActivityView.h */ = {isa = PBXFileReference; fileEncoding = 4; lastKnownFileType = sourcecode.c.h; lineEnding = 0; path = HEActivityView.h; sourceTree = "<group>"; xcLanguageSpecificationIdentifier = xcode.lang.objcpp; };
		E5AF78F214E0B725005B6234 /* HEActivityView.m */ = {isa = PBXFileReference; fileEncoding = 4; lastKnownFileType = sourcecode.c.objc; lineEnding = 0; path = HEActivityView.m; sourceTree = "<group>"; xcLanguageSpecificationIdentifier = xcode.lang.objc; };
		E5C3303714D9C39900089B64 /* AudioToolbox.framework */ = {isa = PBXFileReference; lastKnownFileType = wrapper.framework; name = AudioToolbox.framework; path = System/Library/Frameworks/AudioToolbox.framework; sourceTree = SDKROOT; };
		E5C3303914D9C3A200089B64 /* CFNetwork.framework */ = {isa = PBXFileReference; lastKnownFileType = wrapper.framework; name = CFNetwork.framework; path = System/Library/Frameworks/CFNetwork.framework; sourceTree = SDKROOT; };
		E5C3303B14D9C3A800089B64 /* SystemConfiguration.framework */ = {isa = PBXFileReference; lastKnownFileType = wrapper.framework; name = SystemConfiguration.framework; path = System/Library/Frameworks/SystemConfiguration.framework; sourceTree = SDKROOT; };
		E5C3303D14D9C3AE00089B64 /* MobileCoreServices.framework */ = {isa = PBXFileReference; lastKnownFileType = wrapper.framework; name = MobileCoreServices.framework; path = System/Library/Frameworks/MobileCoreServices.framework; sourceTree = SDKROOT; };
		E5C3303F14D9C3BC00089B64 /* libz.1.1.3.dylib */ = {isa = PBXFileReference; lastKnownFileType = "compiled.mach-o.dylib"; name = libz.1.1.3.dylib; path = usr/lib/libz.1.1.3.dylib; sourceTree = SDKROOT; };
		E5C3304114D9C3C200089B64 /* Security.framework */ = {isa = PBXFileReference; lastKnownFileType = wrapper.framework; name = Security.framework; path = System/Library/Frameworks/Security.framework; sourceTree = SDKROOT; };
		E5C3304314D9C3C900089B64 /* QuartzCore.framework */ = {isa = PBXFileReference; lastKnownFileType = wrapper.framework; name = QuartzCore.framework; path = System/Library/Frameworks/QuartzCore.framework; sourceTree = SDKROOT; };
		E5C3304D14DA024E00089B64 /* HELoginViewController.h */ = {isa = PBXFileReference; fileEncoding = 4; lastKnownFileType = sourcecode.c.h; lineEnding = 0; path = HELoginViewController.h; sourceTree = "<group>"; xcLanguageSpecificationIdentifier = xcode.lang.objcpp; };
		E5C3304E14DA024E00089B64 /* HELoginViewController.m */ = {isa = PBXFileReference; fileEncoding = 4; lastKnownFileType = sourcecode.c.objc; lineEnding = 0; path = HELoginViewController.m; sourceTree = "<group>"; xcLanguageSpecificationIdentifier = xcode.lang.objc; };
		E5C3304F14DA024F00089B64 /* HELoginViewController.xib */ = {isa = PBXFileReference; fileEncoding = 4; lastKnownFileType = file.xib; path = HELoginViewController.xib; sourceTree = "<group>"; };
		E5CAAFEA14D7316F00D97A18 /* en */ = {isa = PBXFileReference; lastKnownFileType = file.xib; name = en; path = en.lproj/HEWelcomeViewController.xib; sourceTree = "<group>"; };
		E5CAAFF114D733DC00D97A18 /* HEWallViewController.h */ = {isa = PBXFileReference; fileEncoding = 4; lastKnownFileType = sourcecode.c.h; lineEnding = 0; path = HEWallViewController.h; sourceTree = "<group>"; xcLanguageSpecificationIdentifier = xcode.lang.objcpp; };
		E5CAAFF214D733DC00D97A18 /* HEWallViewController.m */ = {isa = PBXFileReference; fileEncoding = 4; lastKnownFileType = sourcecode.c.objc; lineEnding = 0; path = HEWallViewController.m; sourceTree = "<group>"; xcLanguageSpecificationIdentifier = xcode.lang.objc; };
		E5CAAFF314D733DC00D97A18 /* HEWallViewController.xib */ = {isa = PBXFileReference; fileEncoding = 4; lastKnownFileType = file.xib; path = HEWallViewController.xib; sourceTree = "<group>"; };
		E5CAAFF714D7376500D97A18 /* MapKit.framework */ = {isa = PBXFileReference; lastKnownFileType = wrapper.framework; name = MapKit.framework; path = System/Library/Frameworks/MapKit.framework; sourceTree = SDKROOT; };
		E5CAAFF914D738E800D97A18 /* CoreLocation.framework */ = {isa = PBXFileReference; lastKnownFileType = wrapper.framework; name = CoreLocation.framework; path = System/Library/Frameworks/CoreLocation.framework; sourceTree = SDKROOT; };
		E5E3D1EF14DA20210074DA18 /* HENewUserViewController.h */ = {isa = PBXFileReference; fileEncoding = 4; lastKnownFileType = sourcecode.c.h; lineEnding = 0; path = HENewUserViewController.h; sourceTree = "<group>"; xcLanguageSpecificationIdentifier = xcode.lang.objcpp; };
		E5E3D1F014DA20210074DA18 /* HENewUserViewController.m */ = {isa = PBXFileReference; fileEncoding = 4; lastKnownFileType = sourcecode.c.objc; lineEnding = 0; path = HENewUserViewController.m; sourceTree = "<group>"; xcLanguageSpecificationIdentifier = xcode.lang.objc; };
		E5E3D1F114DA20210074DA18 /* HENewUserViewController.xib */ = {isa = PBXFileReference; fileEncoding = 4; lastKnownFileType = file.xib; path = HENewUserViewController.xib; sourceTree = "<group>"; };
/* End PBXFileReference section */

/* Begin PBXFrameworksBuildPhase section */
		E56E83EF14D72E1100E856AB /* Frameworks */ = {
			isa = PBXFrameworksBuildPhase;
			buildActionMask = 2147483647;
			files = (
				E5C3304514D9C3E100089B64 /* QuartzCore.framework in Frameworks */,
				E5C3304614D9C3E100089B64 /* Security.framework in Frameworks */,
				E5C3304714D9C3E100089B64 /* libz.1.1.3.dylib in Frameworks */,
				E5C3303E14D9C3AE00089B64 /* MobileCoreServices.framework in Frameworks */,
				E5C3303C14D9C3A800089B64 /* SystemConfiguration.framework in Frameworks */,
				E5C3303A14D9C3A200089B64 /* CFNetwork.framework in Frameworks */,
				E5C3303814D9C39900089B64 /* AudioToolbox.framework in Frameworks */,
				E56E83FB14D72E1100E856AB /* CoreGraphics.framework in Frameworks */,
				E5CAAFFA14D738E800D97A18 /* CoreLocation.framework in Frameworks */,
				E5CAAFF814D7376500D97A18 /* MapKit.framework in Frameworks */,
				E56E83F714D72E1100E856AB /* UIKit.framework in Frameworks */,
				E56E83F914D72E1100E856AB /* Foundation.framework in Frameworks */,
				A4773EA617B2EA32000E4CAC /* Parse.framework in Frameworks */,
			);
			runOnlyForDeploymentPostprocessing = 0;
		};
/* End PBXFrameworksBuildPhase section */

/* Begin PBXGroup section */
		A439308C17B2D7C000100010 /* Utils */ = {
			isa = PBXGroup;
			children = (
				A4773ECA17B5BD4A000E4CAC /* SVProgressHUD.h */,
				A4773ECB17B5BD4A000E4CAC /* SVProgressHUD.m */,
				A4773EC717B5BCE4000E4CAC /* UIImageExtras.h */,
				A4773EC817B5BCE4000E4CAC /* UIImageExtras.m */,
				A439309317B2DE5B00100010 /* Reachability.h */,
				A439309417B2DE5B00100010 /* Reachability.m */,
			);
			name = Utils;
			sourceTree = "<group>";
		};
		A4773EBB17B5B545000E4CAC /* Journal Views and Entries */ = {
			isa = PBXGroup;
			children = (
				A4773EB717B58C59000E4CAC /* JournalDetailViewController.h */,
				A4773EB817B58C59000E4CAC /* JournalDetailViewController.m */,
				A4773EBC17B5B7A8000E4CAC /* EntryView.h */,
				A4773EBD17B5B7A8000E4CAC /* EntryView.m */,
				A4773EB517B58C58000E4CAC /* JournalViewController.h */,
				A4773EB617B58C58000E4CAC /* JournalViewController.m */,
			);
			name = "Journal Views and Entries";
			sourceTree = "<group>";
		};
		E526A82D14F331D40074109C /* Assets */ = {
			isa = PBXGroup;
			children = (
				A4D53CF717BBCC3900725921 /* doe.jpg */,
				A4773EB117B58BEA000E4CAC /* crosshair_small.png */,
				A4773EAD17B58B33000E4CAC /* crosshair.png */,
				A4773EA917B5894A000E4CAC /* images.jpeg */,
				A439308417B136E300100010 /* social-media-login-retna1.png */,
				A40EDB8D17B00C38005CB9E5 /* background_pattern.png */,
				A40EDB8E17B00C38005CB9E5 /* background_pattern@2x.png */,
				A40EDB8F17B00C38005CB9E5 /* chat.png */,
				A40EDB9017B00C38005CB9E5 /* chat@2x.png */,
				A40EDB9117B00C38005CB9E5 /* first.png */,
				A40EDB9217B00C38005CB9E5 /* first@2x.png */,
				A40EDB9317B00C38005CB9E5 /* second.png */,
				A40EDB9417B00C38005CB9E5 /* second@2x.png */,
				A40EDB9517B00C38005CB9E5 /* textfield_background.png */,
				A40EDB9617B00C38005CB9E5 /* textfield_background@2x.png */,
				74D131EF1582A8E90065F1D2 /* bar.png */,
				74D131F01582A8E90065F1D2 /* bar@2x.png */,
				74D131F11582A8E90065F1D2 /* blueBubble.png */,
				74D131F21582A8E90065F1D2 /* blueBubble@2x.png */,
				74D131F31582A8E90065F1D2 /* Button.png */,
				74D131F41582A8E90065F1D2 /* Button@2x.png */,
				74D131F51582A8E90065F1D2 /* grayBubble.png */,
				74D131F61582A8E90065F1D2 /* grayBubble@2x.png */,
				A446C51817AD513300E6553F /* hunting-background@2x.png */,
				74D131FF1582A8E90065F1D2 /* just_background.png */,
				74D132001582A8E90065F1D2 /* just_background@2x.png */,
				74D132011582A8E90065F1D2 /* Map.png */,
				74D132021582A8E90065F1D2 /* Map@2x.png */,
			);
			name = Assets;
			sourceTree = "<group>";
		};
		E56E83E714D72E1100E856AB = {
			isa = PBXGroup;
			children = (
				A4773EB317B58BEF000E4CAC /* crosshair_small.png */,
				A4773EAF17B58B40000E4CAC /* crosshair.png */,
				A439308A17B2BDD000100010 /* Default.png */,
				A439308817B2BDCA00100010 /* Default@2x.png */,
				A439308617B2BDC300100010 /* Default-568h@2x.png */,
				E56E83FC14D72E1100E856AB /* HuntersEdge */,
				E56E83F514D72E1100E856AB /* Frameworks */,
				E56E83F314D72E1100E856AB /* Products */,
			);
			sourceTree = "<group>";
			usesTabs = 1;
		};
		E56E83F314D72E1100E856AB /* Products */ = {
			isa = PBXGroup;
			children = (
				E56E83F214D72E1100E856AB /* HuntersEdge.app */,
			);
			name = Products;
			sourceTree = "<group>";
		};
		E56E83F514D72E1100E856AB /* Frameworks */ = {
			isa = PBXGroup;
			children = (
				A4773EA517B2EA32000E4CAC /* Parse.framework */,
				E5C3304314D9C3C900089B64 /* QuartzCore.framework */,
				E5C3304114D9C3C200089B64 /* Security.framework */,
				E5C3303F14D9C3BC00089B64 /* libz.1.1.3.dylib */,
				E5C3303D14D9C3AE00089B64 /* MobileCoreServices.framework */,
				E5C3303B14D9C3A800089B64 /* SystemConfiguration.framework */,
				E5C3303914D9C3A200089B64 /* CFNetwork.framework */,
				E5C3303714D9C39900089B64 /* AudioToolbox.framework */,
				E5CAAFF914D738E800D97A18 /* CoreLocation.framework */,
				E5CAAFF714D7376500D97A18 /* MapKit.framework */,
				E56E83F614D72E1100E856AB /* UIKit.framework */,
				E56E83F814D72E1100E856AB /* Foundation.framework */,
				E56E83FA14D72E1100E856AB /* CoreGraphics.framework */,
			);
			name = Frameworks;
			sourceTree = "<group>";
		};
		E56E83FC14D72E1100E856AB /* HuntersEdge */ = {
			isa = PBXGroup;
			children = (
				E56E840514D72E1100E856AB /* HEAppDelegate.h */,
				E56E840614D72E1100E856AB /* HEAppDelegate.m */,
				A439308C17B2D7C000100010 /* Utils */,
				E5743F2A14E3024B004BBD5C /* Models */,
				E5AF78F514E0C25C005B6234 /* Views */,
				E5CAAFF614D7342200D97A18 /* Controllers */,
				E526A82D14F331D40074109C /* Assets */,
				E56E83FD14D72E1100E856AB /* Supporting Files */,
			);
			path = HuntersEdge;
			sourceTree = "<group>";
		};
		E56E83FD14D72E1100E856AB /* Supporting Files */ = {
			isa = PBXGroup;
			children = (
				E5CAAFE914D7316F00D97A18 /* HEWelcomeViewController.xib */,
				E5E3D1F114DA20210074DA18 /* HENewUserViewController.xib */,
				A40EDB8B17B00BDC005CB9E5 /* HEChatRoomViewController.xib */,
				A49FF14B17EB91C7007EBF8C /* chatCell.xib */,
				E5C3304F14DA024F00089B64 /* HELoginViewController.xib */,
				E5CAAFF314D733DC00D97A18 /* HEWallViewController.xib */,
				A4773EC517B5BA1E000E4CAC /* JournalViewController.xib */,
				A4D53CF517BBB8D900725921 /* JournalTableCell.xib */,
				A4773ECD17B5BE5D000E4CAC /* JournalDetailViewController.xib */,
				E5458B6B14D8B2E3003BE4FF /* HEWallPostCreateViewController.xib */,
				E5458B6514D77BEA003BE4FF /* HESettingsViewController.xib */,
				74D131E51582A7420065F1D2 /* HuntersEdge-Info.plist */,
				E56E83FF14D72E1100E856AB /* InfoPlist.strings */,
				E56E840214D72E1100E856AB /* main.m */,
				74D131E71582A7550065F1D2 /* HuntersEdge-Prefix.pch */,
				A446C51617ABFD1800E6553F /* MainViewController.xib */,
				A40EDB7F17AFC488005CB9E5 /* TODO */,
			);
			name = "Supporting Files";
			sourceTree = "<group>";
		};
		E5743F2A14E3024B004BBD5C /* Models */ = {
			isa = PBXGroup;
			children = (
				A4773EBF17B5B7BA000E4CAC /* HunterEdgeData.h */,
				A4773EC017B5B7BA000E4CAC /* HunterEdgeData.m */,
				A4773EC117B5B7BA000E4CAC /* HunterEdgeDoc.h */,
				A4773EC217B5B7BA000E4CAC /* HunterEdgeDoc.m */,
				A40EDB8417B00B42005CB9E5 /* chatCell.h */,
				A40EDB8517B00B42005CB9E5 /* chatCell.m */,
				E5743F2714E30154004BBD5C /* HESearchRadius.h */,
				E5743F2814E30154004BBD5C /* HESearchRadius.m */,
				A49F716717DE7DF000D5A069 /* HEHunter.h */,
				A49F716817DE7DF000D5A069 /* HeHunter.m */,
				E554D5C114E32EFB008D027A /* HEPost.h */,
				E554D5C214E32EFB008D027A /* HEPost.m */,
			);
			name = Models;
			sourceTree = "<group>";
		};
		E5AF78F514E0C25C005B6234 /* Views */ = {
			isa = PBXGroup;
			children = (
				E5AF78F114E0B725005B6234 /* HEActivityView.h */,
				E5AF78F214E0B725005B6234 /* HEActivityView.m */,
				E5743F2B14E302A0004BBD5C /* HECircleView.h */,
				E5743F2C14E302A0004BBD5C /* HECircleView.m */,
			);
			name = Views;
			sourceTree = "<group>";
		};
		E5CAAFF614D7342200D97A18 /* Controllers */ = {
			isa = PBXGroup;
			children = (
				E5F7574914DB642A008CCAFE /* User Creation/Login */,
				E5F7574B14DB643A008CCAFE /* HuntersEdge View and Posts */,
				E5F7574C14DB6447008CCAFE /* Settings */,
				E56E840814D72E1100E856AB /* HEWelcomeViewController.h */,
				E56E840914D72E1100E856AB /* HEWelcomeViewController.m */,
			);
			name = Controllers;
			sourceTree = "<group>";
		};
		E5F7574914DB642A008CCAFE /* User Creation/Login */ = {
			isa = PBXGroup;
			children = (
				E5E3D1EF14DA20210074DA18 /* HENewUserViewController.h */,
				E5E3D1F014DA20210074DA18 /* HENewUserViewController.m */,
				E5C3304D14DA024E00089B64 /* HELoginViewController.h */,
				E5C3304E14DA024E00089B64 /* HELoginViewController.m */,
			);
			name = "User Creation/Login";
			sourceTree = "<group>";
		};
		E5F7574B14DB643A008CCAFE /* HuntersEdge View and Posts */ = {
			isa = PBXGroup;
			children = (
				A4773EBB17B5B545000E4CAC /* Journal Views and Entries */,
				A439309617B2DE7900100010 /* HEChatRoomViewController.h */,
				A439309717B2DE7900100010 /* HEChatRoomViewController.m */,
				E5CAAFF114D733DC00D97A18 /* HEWallViewController.h */,
				E5CAAFF214D733DC00D97A18 /* HEWallViewController.m */,
				E5458B6914D8B2E3003BE4FF /* HEWallPostCreateViewController.h */,
				E5458B6A14D8B2E3003BE4FF /* HEWallPostCreateViewController.m */,
				E572726914E0807F004A9423 /* HEWallPostsTableViewController.h */,
				E572726A14E0807F004A9423 /* HEWallPostsTableViewController.m */,
			);
			name = "HuntersEdge View and Posts";
			sourceTree = "<group>";
		};
		E5F7574C14DB6447008CCAFE /* Settings */ = {
			isa = PBXGroup;
			children = (
				E5458B6314D77BEA003BE4FF /* HESettingsViewController.h */,
				E5458B6414D77BEA003BE4FF /* HESettingsViewController.m */,
			);
			name = Settings;
			sourceTree = "<group>";
		};
/* End PBXGroup section */

/* Begin PBXNativeTarget section */
		E56E83F114D72E1100E856AB /* HuntersEdge */ = {
			isa = PBXNativeTarget;
			buildConfigurationList = E56E841014D72E1100E856AB /* Build configuration list for PBXNativeTarget "HuntersEdge" */;
			buildPhases = (
				E56E83EE14D72E1100E856AB /* Sources */,
				E56E83EF14D72E1100E856AB /* Frameworks */,
				E56E83F014D72E1100E856AB /* Resources */,
			);
			buildRules = (
			);
			dependencies = (
			);
			name = HuntersEdge;
			productName = HuntersEdge;
			productReference = E56E83F214D72E1100E856AB /* HuntersEdge.app */;
			productType = "com.apple.product-type.application";
		};
/* End PBXNativeTarget section */

/* Begin PBXProject section */
		E56E83E914D72E1100E856AB /* Project object */ = {
			isa = PBXProject;
			attributes = {
				LastUpgradeCheck = 0460;
				ORGANIZATIONNAME = Parse;
			};
			buildConfigurationList = E56E83EC14D72E1100E856AB /* Build configuration list for PBXProject "HuntersEdge" */;
			compatibilityVersion = "Xcode 3.2";
			developmentRegion = English;
			hasScannedForEncodings = 0;
			knownRegions = (
				en,
			);
			mainGroup = E56E83E714D72E1100E856AB;
			productRefGroup = E56E83F314D72E1100E856AB /* Products */;
			projectDirPath = "";
			projectRoot = "";
			targets = (
				E56E83F114D72E1100E856AB /* HuntersEdge */,
			);
		};
/* End PBXProject section */

/* Begin PBXResourcesBuildPhase section */
		E56E83F014D72E1100E856AB /* Resources */ = {
			isa = PBXResourcesBuildPhase;
			buildActionMask = 2147483647;
			files = (
				E56E840114D72E1100E856AB /* InfoPlist.strings in Resources */,
				E5CAAFEB14D7316F00D97A18 /* HEWelcomeViewController.xib in Resources */,
				E5CAAFF514D733DC00D97A18 /* HEWallViewController.xib in Resources */,
				E5458B6714D77BEA003BE4FF /* HESettingsViewController.xib in Resources */,
				E5458B6D14D8B2E3003BE4FF /* HEWallPostCreateViewController.xib in Resources */,
				E5C3305114DA024F00089B64 /* HELoginViewController.xib in Resources */,
				E5E3D1F314DA20220074DA18 /* HENewUserViewController.xib in Resources */,
				74D131E61582A7420065F1D2 /* HuntersEdge-Info.plist in Resources */,
				74D132051582A8E90065F1D2 /* bar.png in Resources */,
				74D132061582A8E90065F1D2 /* bar@2x.png in Resources */,
				74D132071582A8E90065F1D2 /* blueBubble.png in Resources */,
				74D132081582A8E90065F1D2 /* blueBubble@2x.png in Resources */,
				74D132091582A8E90065F1D2 /* Button.png in Resources */,
				74D1320A1582A8E90065F1D2 /* Button@2x.png in Resources */,
				74D1320B1582A8E90065F1D2 /* grayBubble.png in Resources */,
				74D1320C1582A8E90065F1D2 /* grayBubble@2x.png in Resources */,
				74D132151582A8E90065F1D2 /* just_background.png in Resources */,
				74D132161582A8E90065F1D2 /* just_background@2x.png in Resources */,
				74D132171582A8E90065F1D2 /* Map.png in Resources */,
				74D132181582A8E90065F1D2 /* Map@2x.png in Resources */,
				A446C51717ABFD1800E6553F /* MainViewController.xib in Resources */,
				A446C51917AD513300E6553F /* hunting-background@2x.png in Resources */,
				A40EDB8017AFC488005CB9E5 /* TODO in Resources */,
				A40EDB8C17B00BDC005CB9E5 /* HEChatRoomViewController.xib in Resources */,
				A40EDB9717B00C38005CB9E5 /* background_pattern.png in Resources */,
				A40EDB9817B00C38005CB9E5 /* background_pattern@2x.png in Resources */,
				A40EDB9917B00C38005CB9E5 /* chat.png in Resources */,
				A40EDB9A17B00C38005CB9E5 /* chat@2x.png in Resources */,
				A40EDB9B17B00C38005CB9E5 /* first.png in Resources */,
				A40EDB9C17B00C38005CB9E5 /* first@2x.png in Resources */,
				A40EDB9D17B00C38005CB9E5 /* second.png in Resources */,
				A40EDB9E17B00C38005CB9E5 /* second@2x.png in Resources */,
				A40EDB9F17B00C38005CB9E5 /* textfield_background.png in Resources */,
				A40EDBA017B00C38005CB9E5 /* textfield_background@2x.png in Resources */,
				A439308517B136E300100010 /* social-media-login-retna1.png in Resources */,
				A439308717B2BDC300100010 /* Default-568h@2x.png in Resources */,
				A439308917B2BDCA00100010 /* Default@2x.png in Resources */,
				A439308B17B2BDD000100010 /* Default.png in Resources */,
				A4773EAA17B5894A000E4CAC /* images.jpeg in Resources */,
				A4773EAE17B58B33000E4CAC /* crosshair.png in Resources */,
				A4773EB017B58B40000E4CAC /* crosshair.png in Resources */,
				A4773EB217B58BEB000E4CAC /* crosshair_small.png in Resources */,
				A4773EB417B58BF0000E4CAC /* crosshair_small.png in Resources */,
				A4773EC617B5BA1F000E4CAC /* JournalViewController.xib in Resources */,
				A4773ECE17B5BE5D000E4CAC /* JournalDetailViewController.xib in Resources */,
				A4D53CF617BBB8D900725921 /* JournalTableCell.xib in Resources */,
				A4D53CF817BBCC3900725921 /* doe.jpg in Resources */,
				A49FF14C17EB91C7007EBF8C /* chatCell.xib in Resources */,
			);
			runOnlyForDeploymentPostprocessing = 0;
		};
/* End PBXResourcesBuildPhase section */

/* Begin PBXSourcesBuildPhase section */
		E56E83EE14D72E1100E856AB /* Sources */ = {
			isa = PBXSourcesBuildPhase;
			buildActionMask = 2147483647;
			files = (
				E56E840314D72E1100E856AB /* main.m in Sources */,
				E56E840714D72E1100E856AB /* HEAppDelegate.m in Sources */,
				E56E840A14D72E1100E856AB /* HEWelcomeViewController.m in Sources */,
				E5CAAFF414D733DC00D97A18 /* HEWallViewController.m in Sources */,
				E5458B6614D77BEA003BE4FF /* HESettingsViewController.m in Sources */,
				E5458B6C14D8B2E3003BE4FF /* HEWallPostCreateViewController.m in Sources */,
				E5C3305014DA024F00089B64 /* HELoginViewController.m in Sources */,
				E5E3D1F214DA20220074DA18 /* HENewUserViewController.m in Sources */,
				E5AF78F314E0B725005B6234 /* HEActivityView.m in Sources */,
				E5743F2914E30154004BBD5C /* HESearchRadius.m in Sources */,
				E5743F2D14E302A0004BBD5C /* HECircleView.m in Sources */,
				E554D5C314E32EFB008D027A /* HEPost.m in Sources */,
				C4FD6130172751E200F61563 /* HEWallPostsTableViewController.m in Sources */,
				A40EDB8617B00B42005CB9E5 /* chatCell.m in Sources */,
				A439309517B2DE5B00100010 /* Reachability.m in Sources */,
				A439309817B2DE7900100010 /* HEChatRoomViewController.m in Sources */,
				A4773EB917B58C59000E4CAC /* JournalViewController.m in Sources */,
				A4773EBA17B58C59000E4CAC /* JournalDetailViewController.m in Sources */,
				A4773EBE17B5B7A8000E4CAC /* EntryView.m in Sources */,
				A4773EC317B5B7BA000E4CAC /* HunterEdgeData.m in Sources */,
				A4773EC417B5B7BA000E4CAC /* HunterEdgeDoc.m in Sources */,
				A4773EC917B5BCE4000E4CAC /* UIImageExtras.m in Sources */,
				A4773ECC17B5BD4A000E4CAC /* SVProgressHUD.m in Sources */,
				A49F716917DE7DF000D5A069 /* HeHunter.m in Sources */,
			);
			runOnlyForDeploymentPostprocessing = 0;
		};
/* End PBXSourcesBuildPhase section */

/* Begin PBXVariantGroup section */
		E56E83FF14D72E1100E856AB /* InfoPlist.strings */ = {
			isa = PBXVariantGroup;
			children = (
				E56E840014D72E1100E856AB /* en */,
			);
			name = InfoPlist.strings;
			sourceTree = "<group>";
		};
		E5CAAFE914D7316F00D97A18 /* HEWelcomeViewController.xib */ = {
			isa = PBXVariantGroup;
			children = (
				E5CAAFEA14D7316F00D97A18 /* en */,
			);
			name = HEWelcomeViewController.xib;
			sourceTree = "<group>";
		};
/* End PBXVariantGroup section */

/* Begin XCBuildConfiguration section */
		E56E840E14D72E1100E856AB /* Debug */ = {
			isa = XCBuildConfiguration;
			buildSettings = {
				ALWAYS_SEARCH_USER_PATHS = NO;
				ARCHS = "$(ARCHS_STANDARD_32_BIT)";
				CLANG_ENABLE_OBJC_ARC = YES;
				CLANG_WARN_CONSTANT_CONVERSION = YES;
				CLANG_WARN_ENUM_CONVERSION = YES;
				CLANG_WARN_INT_CONVERSION = YES;
				CLANG_WARN__DUPLICATE_METHOD_MATCH = YES;
				CODE_SIGN_IDENTITY = "iPhone Developer";
				COPY_PHASE_STRIP = NO;
				GCC_C_LANGUAGE_STANDARD = gnu99;
				GCC_DYNAMIC_NO_PIC = NO;
				GCC_OPTIMIZATION_LEVEL = 0;
				GCC_PREPROCESSOR_DEFINITIONS = (
					"DEBUG=1",
					"$(inherited)",
				);
				GCC_SYMBOLS_PRIVATE_EXTERN = NO;
				GCC_VERSION = com.apple.compilers.llvm.clang.1_0;
				GCC_WARN_ABOUT_MISSING_PROTOTYPES = NO;
				GCC_WARN_ABOUT_RETURN_TYPE = NO;
				GCC_WARN_UNINITIALIZED_AUTOS = YES;
				GCC_WARN_UNUSED_VARIABLE = NO;
				IPHONEOS_DEPLOYMENT_TARGET = 5.0;
				PROVISIONING_PROFILE = "";
				SDKROOT = iphoneos;
			};
			name = Debug;
		};
		E56E840F14D72E1100E856AB /* Release */ = {
			isa = XCBuildConfiguration;
			buildSettings = {
				ALWAYS_SEARCH_USER_PATHS = NO;
				ARCHS = "$(ARCHS_STANDARD_32_BIT)";
				CLANG_ENABLE_OBJC_ARC = YES;
				CLANG_WARN_CONSTANT_CONVERSION = YES;
				CLANG_WARN_ENUM_CONVERSION = YES;
				CLANG_WARN_INT_CONVERSION = YES;
				CLANG_WARN__DUPLICATE_METHOD_MATCH = YES;
				CODE_SIGN_IDENTITY = "iPhone Developer";
				"CODE_SIGN_IDENTITY[sdk=iphoneos*]" = "iPhone Developer";
				COPY_PHASE_STRIP = YES;
				GCC_C_LANGUAGE_STANDARD = gnu99;
				GCC_VERSION = com.apple.compilers.llvm.clang.1_0;
				GCC_WARN_ABOUT_MISSING_PROTOTYPES = NO;
				GCC_WARN_ABOUT_RETURN_TYPE = NO;
				GCC_WARN_UNINITIALIZED_AUTOS = YES;
				GCC_WARN_UNUSED_VARIABLE = NO;
				IPHONEOS_DEPLOYMENT_TARGET = 5.0;
				OTHER_CFLAGS = "-DNS_BLOCK_ASSERTIONS=1";
				PROVISIONING_PROFILE = "";
				SDKROOT = iphoneos;
				VALIDATE_PRODUCT = YES;
			};
			name = Release;
		};
		E56E841114D72E1100E856AB /* Debug */ = {
			isa = XCBuildConfiguration;
			buildSettings = {
				FRAMEWORK_SEARCH_PATHS = (
					"$(inherited)",
					"\"$(SRCROOT)\"",
				);
				GCC_PRECOMPILE_PREFIX_HEADER = YES;
				GCC_PREFIX_HEADER = "HuntersEdge/HuntersEdge-Prefix.pch";
				GCC_TREAT_WARNINGS_AS_ERRORS = NO;
				GCC_WARN_64_TO_32_BIT_CONVERSION = NO;
				GCC_WARN_ABOUT_MISSING_FIELD_INITIALIZERS = NO;
				GCC_WARN_ABOUT_MISSING_NEWLINE = NO;
				GCC_WARN_INITIALIZER_NOT_FULLY_BRACKETED = NO;
				GCC_WARN_SHADOW = NO;
				GCC_WARN_SIGN_COMPARE = NO;
				GCC_WARN_UNDECLARED_SELECTOR = NO;
				GCC_WARN_UNUSED_FUNCTION = NO;
				GCC_WARN_UNUSED_LABEL = NO;
				INFOPLIST_FILE = "$(SRCROOT)/HuntersEdge/HuntersEdge-Info.plist";
				IPHONEOS_DEPLOYMENT_TARGET = 6.1;
				PRODUCT_NAME = "$(TARGET_NAME)";
				WRAPPER_EXTENSION = app;
			};
			name = Debug;
		};
		E56E841214D72E1100E856AB /* Release */ = {
			isa = XCBuildConfiguration;
			buildSettings = {
				FRAMEWORK_SEARCH_PATHS = (
					"$(inherited)",
					"\"$(SRCROOT)\"",
				);
				GCC_PRECOMPILE_PREFIX_HEADER = YES;
				GCC_PREFIX_HEADER = "HuntersEdge/HuntersEdge-Prefix.pch";
				GCC_TREAT_WARNINGS_AS_ERRORS = NO;
				GCC_WARN_64_TO_32_BIT_CONVERSION = NO;
				GCC_WARN_ABOUT_MISSING_FIELD_INITIALIZERS = NO;
				GCC_WARN_ABOUT_MISSING_NEWLINE = NO;
				GCC_WARN_INITIALIZER_NOT_FULLY_BRACKETED = NO;
				GCC_WARN_SHADOW = NO;
				GCC_WARN_SIGN_COMPARE = NO;
				GCC_WARN_UNDECLARED_SELECTOR = NO;
				GCC_WARN_UNUSED_FUNCTION = NO;
				GCC_WARN_UNUSED_LABEL = NO;
				INFOPLIST_FILE = "$(SRCROOT)/HuntersEdge/HuntersEdge-Info.plist";
				IPHONEOS_DEPLOYMENT_TARGET = 6.1;
				PRODUCT_NAME = "$(TARGET_NAME)";
				WRAPPER_EXTENSION = app;
			};
			name = Release;
		};
		E594B25014E9AFF900B16976 /* Distribution */ = {
			isa = XCBuildConfiguration;
			buildSettings = {
				ALWAYS_SEARCH_USER_PATHS = NO;
				ARCHS = "$(ARCHS_STANDARD_32_BIT)";
				CLANG_ENABLE_OBJC_ARC = YES;
				CLANG_WARN_CONSTANT_CONVERSION = YES;
				CLANG_WARN_ENUM_CONVERSION = YES;
				CLANG_WARN_INT_CONVERSION = YES;
				CLANG_WARN__DUPLICATE_METHOD_MATCH = YES;
				CODE_SIGN_IDENTITY = "iPhone Distribution";
				COPY_PHASE_STRIP = YES;
				GCC_C_LANGUAGE_STANDARD = gnu99;
				GCC_VERSION = com.apple.compilers.llvm.clang.1_0;
				GCC_WARN_ABOUT_MISSING_PROTOTYPES = NO;
				GCC_WARN_ABOUT_RETURN_TYPE = NO;
				GCC_WARN_UNINITIALIZED_AUTOS = YES;
				GCC_WARN_UNUSED_VARIABLE = NO;
				IPHONEOS_DEPLOYMENT_TARGET = 5.0;
				OTHER_CFLAGS = "-DNS_BLOCK_ASSERTIONS=1";
				PROVISIONING_PROFILE = "";
				SDKROOT = iphoneos;
				VALIDATE_PRODUCT = YES;
			};
			name = Distribution;
		};
		E594B25114E9AFF900B16976 /* Distribution */ = {
			isa = XCBuildConfiguration;
			buildSettings = {
				FRAMEWORK_SEARCH_PATHS = (
					"$(inherited)",
					"\"$(SRCROOT)\"",
				);
				GCC_PRECOMPILE_PREFIX_HEADER = YES;
				GCC_PREFIX_HEADER = "HuntersEdge/HuntersEdge-Prefix.pch";
				GCC_TREAT_WARNINGS_AS_ERRORS = NO;
				GCC_WARN_64_TO_32_BIT_CONVERSION = NO;
				GCC_WARN_ABOUT_MISSING_FIELD_INITIALIZERS = NO;
				GCC_WARN_ABOUT_MISSING_NEWLINE = NO;
				GCC_WARN_INITIALIZER_NOT_FULLY_BRACKETED = NO;
				GCC_WARN_SHADOW = NO;
				GCC_WARN_SIGN_COMPARE = NO;
				GCC_WARN_UNDECLARED_SELECTOR = NO;
				GCC_WARN_UNUSED_FUNCTION = NO;
				GCC_WARN_UNUSED_LABEL = NO;
				INFOPLIST_FILE = "$(SRCROOT)/HuntersEdge/HuntersEdge-Info.plist";
				IPHONEOS_DEPLOYMENT_TARGET = 6.1;
				PRODUCT_NAME = "$(TARGET_NAME)";
				WRAPPER_EXTENSION = app;
			};
			name = Distribution;
		};
		E594B25314E9B0B300B16976 /* Ad-Hoc */ = {
			isa = XCBuildConfiguration;
			buildSettings = {
				ALWAYS_SEARCH_USER_PATHS = NO;
				ARCHS = "$(ARCHS_STANDARD_32_BIT)";
				CLANG_ENABLE_OBJC_ARC = YES;
				CLANG_WARN_CONSTANT_CONVERSION = YES;
				CLANG_WARN_ENUM_CONVERSION = YES;
				CLANG_WARN_INT_CONVERSION = YES;
				CLANG_WARN__DUPLICATE_METHOD_MATCH = YES;
				CODE_SIGN_IDENTITY = "iPhone Developer";
				COPY_PHASE_STRIP = YES;
				GCC_C_LANGUAGE_STANDARD = gnu99;
				GCC_VERSION = com.apple.compilers.llvm.clang.1_0;
				GCC_WARN_ABOUT_MISSING_PROTOTYPES = NO;
				GCC_WARN_ABOUT_RETURN_TYPE = NO;
				GCC_WARN_UNINITIALIZED_AUTOS = YES;
				GCC_WARN_UNUSED_VARIABLE = NO;
				IPHONEOS_DEPLOYMENT_TARGET = 5.0;
				OTHER_CFLAGS = "-DNS_BLOCK_ASSERTIONS=1";
				PROVISIONING_PROFILE = "";
				SDKROOT = iphoneos;
				VALIDATE_PRODUCT = YES;
			};
			name = "Ad-Hoc";
		};
		E594B25414E9B0B300B16976 /* Ad-Hoc */ = {
			isa = XCBuildConfiguration;
			buildSettings = {
				CODE_SIGN_IDENTITY = "iPhone Developer";
				FRAMEWORK_SEARCH_PATHS = (
					"$(inherited)",
					"\"$(SRCROOT)\"",
				);
				GCC_PRECOMPILE_PREFIX_HEADER = YES;
				GCC_PREFIX_HEADER = "HuntersEdge/HuntersEdge-Prefix.pch";
				GCC_TREAT_WARNINGS_AS_ERRORS = NO;
				GCC_WARN_64_TO_32_BIT_CONVERSION = NO;
				GCC_WARN_ABOUT_MISSING_FIELD_INITIALIZERS = NO;
				GCC_WARN_ABOUT_MISSING_NEWLINE = NO;
				GCC_WARN_INITIALIZER_NOT_FULLY_BRACKETED = NO;
				GCC_WARN_SHADOW = NO;
				GCC_WARN_SIGN_COMPARE = NO;
				GCC_WARN_UNDECLARED_SELECTOR = NO;
				GCC_WARN_UNUSED_FUNCTION = NO;
				GCC_WARN_UNUSED_LABEL = NO;
				INFOPLIST_FILE = "$(SRCROOT)/HuntersEdge/HuntersEdge-Info.plist";
				IPHONEOS_DEPLOYMENT_TARGET = 6.1;
				PRODUCT_NAME = "$(TARGET_NAME)";
				PROVISIONING_PROFILE = "";
				WRAPPER_EXTENSION = app;
			};
			name = "Ad-Hoc";
		};
/* End XCBuildConfiguration section */

/* Begin XCConfigurationList section */
		E56E83EC14D72E1100E856AB /* Build configuration list for PBXProject "HuntersEdge" */ = {
			isa = XCConfigurationList;
			buildConfigurations = (
				E56E840E14D72E1100E856AB /* Debug */,
				E56E840F14D72E1100E856AB /* Release */,
				E594B25014E9AFF900B16976 /* Distribution */,
				E594B25314E9B0B300B16976 /* Ad-Hoc */,
			);
			defaultConfigurationIsVisible = 0;
			defaultConfigurationName = Release;
		};
		E56E841014D72E1100E856AB /* Build configuration list for PBXNativeTarget "HuntersEdge" */ = {
			isa = XCConfigurationList;
			buildConfigurations = (
				E56E841114D72E1100E856AB /* Debug */,
				E56E841214D72E1100E856AB /* Release */,
				E594B25114E9AFF900B16976 /* Distribution */,
				E594B25414E9B0B300B16976 /* Ad-Hoc */,
			);
			defaultConfigurationIsVisible = 0;
			defaultConfigurationName = Release;
		};
/* End XCConfigurationList section */
	};
	rootObject = E56E83E914D72E1100E856AB /* Project object */;
}
